
Microsoft Visual Studio Solution File, Format Version 12.00
# Visual Studio 14
VisualStudioVersion = 14.0.25420.1
MinimumVisualStudioVersion = 10.0.40219.1
Project("{FAE04EC0-301F-11D3-BF4B-00C04F79EFBC}") = "Lab_8", "Lab_8\Lab_8.csproj", "{262CD56C-96A3-4291-8A37-BE8A3506283A}"
EndProject
Project("{FAE04EC0-301F-11D3-BF4B-00C04F79EFBC}") = "Lab8_BattingTest", "Lab8_BattingTest\Lab8_BattingTest.csproj", "{134D5A18-8131-4D7D-9255-0D43DC2EE2B2}"
EndProject
Global
	GlobalSection(SolutionConfigurationPlatforms) = preSolution
		Debug|Any CPU = Debug|Any CPU
		Release|Any CPU = Release|Any CPU
	EndGlobalSection
	GlobalSection(ProjectConfigurationPlatforms) = postSolution
		{262CD56C-96A3-4291-8A37-BE8A3506283A}.Debug|Any CPU.ActiveCfg = Debug|Any CPU
		{262CD56C-96A3-4291-8A37-BE8A3506283A}.Debug|Any CPU.Build.0 = Debug|Any CPU
		{262CD56C-96A3-4291-8A37-BE8A3506283A}.Release|Any CPU.ActiveCfg = Release|Any CPU
		{262CD56C-96A3-4291-8A37-BE8A3506283A}.Release|Any CPU.Build.0 = Release|Any CPU
		{134D5A18-8131-4D7D-9255-0D43DC2EE2B2}.Debug|Any CPU.ActiveCfg = Debug|Any CPU
		{134D5A18-8131-4D7D-9255-0D43DC2EE2B2}.Debug|Any CPU.Build.0 = Debug|Any CPU
		{134D5A18-8131-4D7D-9255-0D43DC2EE2B2}.Release|Any CPU.ActiveCfg = Release|Any CPU
		{134D5A18-8131-4D7D-9255-0D43DC2EE2B2}.Release|Any CPU.Build.0 = Release|Any CPU
	EndGlobalSection
	GlobalSection(SolutionProperties) = preSolution
		HideSolutionNode = FALSE
	EndGlobalSection
EndGlobal
